// !$*UTF8*$!
{
	archiveVersion = 1;
	classes = {
	};
	objectVersion = 56;
	objects = {

/* Begin PBXBuildFile section */
		EB25AEA32A88F4C4006CE7A1 /* DataAdapter.swift in Sources */ = {isa = PBXBuildFile; fileRef = EB25AEA22A88F4C4006CE7A1 /* DataAdapter.swift */; };
		EBDFCC312A86462000BA901C /* NoteCell.swift in Sources */ = {isa = PBXBuildFile; fileRef = EBDFCC2F2A86462000BA901C /* NoteCell.swift */; };
		EBDFCC322A86462000BA901C /* NoteCell.xib in Resources */ = {isa = PBXBuildFile; fileRef = EBDFCC302A86462000BA901C /* NoteCell.xib */; };
		EBDFCC342A864C5800BA901C /* NoteModel.swift in Sources */ = {isa = PBXBuildFile; fileRef = EBDFCC332A864C5800BA901C /* NoteModel.swift */; };
		EBE85AD22A8787E800751330 /* NotesStorageService.swift in Sources */ = {isa = PBXBuildFile; fileRef = EBE85AD12A8787E800751330 /* NotesStorageService.swift */; };
		EBECDE572A85EE4C00C71549 /* AppDelegate.swift in Sources */ = {isa = PBXBuildFile; fileRef = EBECDE562A85EE4C00C71549 /* AppDelegate.swift */; };
		EBECDE592A85EE4C00C71549 /* SceneDelegate.swift in Sources */ = {isa = PBXBuildFile; fileRef = EBECDE582A85EE4C00C71549 /* SceneDelegate.swift */; };
		EBECDE5E2A85EE4C00C71549 /* Main.storyboard in Resources */ = {isa = PBXBuildFile; fileRef = EBECDE5C2A85EE4C00C71549 /* Main.storyboard */; };
		EBECDE602A85EE4C00C71549 /* Assets.xcassets in Resources */ = {isa = PBXBuildFile; fileRef = EBECDE5F2A85EE4C00C71549 /* Assets.xcassets */; };
		EBECDE632A85EE4C00C71549 /* LaunchScreen.storyboard in Resources */ = {isa = PBXBuildFile; fileRef = EBECDE612A85EE4C00C71549 /* LaunchScreen.storyboard */; };
		EBECDE732A85F22D00C71549 /* NoteDetailsPresenter.swift in Sources */ = {isa = PBXBuildFile; fileRef = EBECDE6D2A85F22D00C71549 /* NoteDetailsPresenter.swift */; };
		EBECDE752A85F22D00C71549 /* NoteDetailsRouter.swift in Sources */ = {isa = PBXBuildFile; fileRef = EBECDE6F2A85F22D00C71549 /* NoteDetailsRouter.swift */; };
		EBECDE762A85F22D00C71549 /* NoteDetailsModels.swift in Sources */ = {isa = PBXBuildFile; fileRef = EBECDE702A85F22D00C71549 /* NoteDetailsModels.swift */; };
		EBECDE772A85F22D00C71549 /* NoteDetailsViewController.swift in Sources */ = {isa = PBXBuildFile; fileRef = EBECDE712A85F22D00C71549 /* NoteDetailsViewController.swift */; };
		EBECDE782A85F22D00C71549 /* NoteDetailsInteractor.swift in Sources */ = {isa = PBXBuildFile; fileRef = EBECDE722A85F22D00C71549 /* NoteDetailsInteractor.swift */; };
		EBECDE7F2A85F24F00C71549 /* NotesPresenter.swift in Sources */ = {isa = PBXBuildFile; fileRef = EBECDE792A85F24F00C71549 /* NotesPresenter.swift */; };
		EBECDE812A85F24F00C71549 /* NotesRouter.swift in Sources */ = {isa = PBXBuildFile; fileRef = EBECDE7B2A85F24F00C71549 /* NotesRouter.swift */; };
		EBECDE822A85F24F00C71549 /* NotesModels.swift in Sources */ = {isa = PBXBuildFile; fileRef = EBECDE7C2A85F24F00C71549 /* NotesModels.swift */; };
		EBECDE832A85F24F00C71549 /* NotesViewController.swift in Sources */ = {isa = PBXBuildFile; fileRef = EBECDE7D2A85F24F00C71549 /* NotesViewController.swift */; };
		EBECDE842A85F24F00C71549 /* NotesInteractor.swift in Sources */ = {isa = PBXBuildFile; fileRef = EBECDE7E2A85F24F00C71549 /* NotesInteractor.swift */; };
/* End PBXBuildFile section */

/* Begin PBXFileReference section */
		EB25AEA22A88F4C4006CE7A1 /* DataAdapter.swift */ = {isa = PBXFileReference; lastKnownFileType = sourcecode.swift; path = DataAdapter.swift; sourceTree = "<group>"; };
		EBDFCC2F2A86462000BA901C /* NoteCell.swift */ = {isa = PBXFileReference; lastKnownFileType = sourcecode.swift; path = NoteCell.swift; sourceTree = "<group>"; };
		EBDFCC302A86462000BA901C /* NoteCell.xib */ = {isa = PBXFileReference; lastKnownFileType = file.xib; path = NoteCell.xib; sourceTree = "<group>"; };
		EBDFCC332A864C5800BA901C /* NoteModel.swift */ = {isa = PBXFileReference; lastKnownFileType = sourcecode.swift; path = NoteModel.swift; sourceTree = "<group>"; };
		EBE85AD12A8787E800751330 /* NotesStorageService.swift */ = {isa = PBXFileReference; lastKnownFileType = sourcecode.swift; path = NotesStorageService.swift; sourceTree = "<group>"; };
		EBECDE532A85EE4C00C71549 /* CleanNotesApp.app */ = {isa = PBXFileReference; explicitFileType = wrapper.application; includeInIndex = 0; path = CleanNotesApp.app; sourceTree = BUILT_PRODUCTS_DIR; };
		EBECDE562A85EE4C00C71549 /* AppDelegate.swift */ = {isa = PBXFileReference; lastKnownFileType = sourcecode.swift; path = AppDelegate.swift; sourceTree = "<group>"; };
		EBECDE582A85EE4C00C71549 /* SceneDelegate.swift */ = {isa = PBXFileReference; lastKnownFileType = sourcecode.swift; path = SceneDelegate.swift; sourceTree = "<group>"; };
		EBECDE5D2A85EE4C00C71549 /* Base */ = {isa = PBXFileReference; lastKnownFileType = file.storyboard; name = Base; path = Base.lproj/Main.storyboard; sourceTree = "<group>"; };
		EBECDE5F2A85EE4C00C71549 /* Assets.xcassets */ = {isa = PBXFileReference; lastKnownFileType = folder.assetcatalog; path = Assets.xcassets; sourceTree = "<group>"; };
		EBECDE622A85EE4C00C71549 /* Base */ = {isa = PBXFileReference; lastKnownFileType = file.storyboard; name = Base; path = Base.lproj/LaunchScreen.storyboard; sourceTree = "<group>"; };
		EBECDE642A85EE4C00C71549 /* Info.plist */ = {isa = PBXFileReference; lastKnownFileType = text.plist.xml; path = Info.plist; sourceTree = "<group>"; };
		EBECDE6D2A85F22D00C71549 /* NoteDetailsPresenter.swift */ = {isa = PBXFileReference; lastKnownFileType = sourcecode.swift; path = NoteDetailsPresenter.swift; sourceTree = "<group>"; };
		EBECDE6F2A85F22D00C71549 /* NoteDetailsRouter.swift */ = {isa = PBXFileReference; lastKnownFileType = sourcecode.swift; path = NoteDetailsRouter.swift; sourceTree = "<group>"; };
		EBECDE702A85F22D00C71549 /* NoteDetailsModels.swift */ = {isa = PBXFileReference; lastKnownFileType = sourcecode.swift; path = NoteDetailsModels.swift; sourceTree = "<group>"; };
		EBECDE712A85F22D00C71549 /* NoteDetailsViewController.swift */ = {isa = PBXFileReference; lastKnownFileType = sourcecode.swift; path = NoteDetailsViewController.swift; sourceTree = "<group>"; };
		EBECDE722A85F22D00C71549 /* NoteDetailsInteractor.swift */ = {isa = PBXFileReference; lastKnownFileType = sourcecode.swift; path = NoteDetailsInteractor.swift; sourceTree = "<group>"; };
		EBECDE792A85F24F00C71549 /* NotesPresenter.swift */ = {isa = PBXFileReference; lastKnownFileType = sourcecode.swift; path = NotesPresenter.swift; sourceTree = "<group>"; };
		EBECDE7B2A85F24F00C71549 /* NotesRouter.swift */ = {isa = PBXFileReference; lastKnownFileType = sourcecode.swift; path = NotesRouter.swift; sourceTree = "<group>"; };
		EBECDE7C2A85F24F00C71549 /* NotesModels.swift */ = {isa = PBXFileReference; lastKnownFileType = sourcecode.swift; path = NotesModels.swift; sourceTree = "<group>"; };
		EBECDE7D2A85F24F00C71549 /* NotesViewController.swift */ = {isa = PBXFileReference; lastKnownFileType = sourcecode.swift; path = NotesViewController.swift; sourceTree = "<group>"; };
		EBECDE7E2A85F24F00C71549 /* NotesInteractor.swift */ = {isa = PBXFileReference; lastKnownFileType = sourcecode.swift; path = NotesInteractor.swift; sourceTree = "<group>"; };
/* End PBXFileReference section */

/* Begin PBXFrameworksBuildPhase section */
		EBECDE502A85EE4C00C71549 /* Frameworks */ = {
			isa = PBXFrameworksBuildPhase;
			buildActionMask = 2147483647;
			files = (
			);
			runOnlyForDeploymentPostprocessing = 0;
		};
/* End PBXFrameworksBuildPhase section */

/* Begin PBXGroup section */
		EBDFCC0A2A861AD900BA901C /* Views */ = {
			isa = PBXGroup;
			children = (
				EBDFCC352A86578200BA901C /* NoteCell */,
			);
			path = Views;
			sourceTree = "<group>";
		};
		EBDFCC352A86578200BA901C /* NoteCell */ = {
			isa = PBXGroup;
			children = (
				EBDFCC2F2A86462000BA901C /* NoteCell.swift */,
				EBDFCC302A86462000BA901C /* NoteCell.xib */,
			);
			path = NoteCell;
			sourceTree = "<group>";
		};
		EBDFCC362A86579E00BA901C /* Models */ = {
			isa = PBXGroup;
			children = (
				EBDFCC3B2A865C6300BA901C /* Note */,
			);
			path = Models;
			sourceTree = "<group>";
		};
		EBDFCC3B2A865C6300BA901C /* Note */ = {
			isa = PBXGroup;
			children = (
				EBDFCC332A864C5800BA901C /* NoteModel.swift */,
			);
			path = Note;
			sourceTree = "<group>";
		};
		EBE85AD02A8787B800751330 /* Common */ = {
			isa = PBXGroup;
			children = (
				EBE85AD12A8787E800751330 /* NotesStorageService.swift */,
				EB25AEA22A88F4C4006CE7A1 /* DataAdapter.swift */,
			);
			path = Common;
			sourceTree = "<group>";
		};
		EBECDE4A2A85EE4B00C71549 = {
			isa = PBXGroup;
			children = (
				EBECDE552A85EE4C00C71549 /* CleanNotesApp */,
				EBECDE542A85EE4C00C71549 /* Products */,
			);
			sourceTree = "<group>";
		};
		EBECDE542A85EE4C00C71549 /* Products */ = {
			isa = PBXGroup;
			children = (
				EBECDE532A85EE4C00C71549 /* CleanNotesApp.app */,
			);
			name = Products;
			sourceTree = "<group>";
		};
		EBECDE552A85EE4C00C71549 /* CleanNotesApp */ = {
			isa = PBXGroup;
			children = (
				EBDFCC362A86579E00BA901C /* Models */,
				EBDFCC0A2A861AD900BA901C /* Views */,
				EBECDE6A2A85F19700C71549 /* Scenes */,
				EBECDE562A85EE4C00C71549 /* AppDelegate.swift */,
				EBECDE582A85EE4C00C71549 /* SceneDelegate.swift */,
				EBECDE5C2A85EE4C00C71549 /* Main.storyboard */,
				EBECDE5F2A85EE4C00C71549 /* Assets.xcassets */,
				EBECDE612A85EE4C00C71549 /* LaunchScreen.storyboard */,
				EBECDE642A85EE4C00C71549 /* Info.plist */,
			);
			path = CleanNotesApp;
			sourceTree = "<group>";
		};
		EBECDE6A2A85F19700C71549 /* Scenes */ = {
			isa = PBXGroup;
			children = (
				EBE85AD02A8787B800751330 /* Common */,
				EBECDE6B2A85F1B200C71549 /* Notes */,
				EBECDE6C2A85F1C900C71549 /* NoteDetails */,
			);
			path = Scenes;
			sourceTree = "<group>";
		};
		EBECDE6B2A85F1B200C71549 /* Notes */ = {
			isa = PBXGroup;
			children = (
				EBECDE792A85F24F00C71549 /* NotesPresenter.swift */,
				EBECDE7B2A85F24F00C71549 /* NotesRouter.swift */,
				EBECDE7C2A85F24F00C71549 /* NotesModels.swift */,
				EBECDE7D2A85F24F00C71549 /* NotesViewController.swift */,
				EBECDE7E2A85F24F00C71549 /* NotesInteractor.swift */,
			);
			path = Notes;
			sourceTree = "<group>";
		};
		EBECDE6C2A85F1C900C71549 /* NoteDetails */ = {
			isa = PBXGroup;
			children = (
				EBECDE6D2A85F22D00C71549 /* NoteDetailsPresenter.swift */,
				EBECDE6F2A85F22D00C71549 /* NoteDetailsRouter.swift */,
				EBECDE702A85F22D00C71549 /* NoteDetailsModels.swift */,
				EBECDE712A85F22D00C71549 /* NoteDetailsViewController.swift */,
				EBECDE722A85F22D00C71549 /* NoteDetailsInteractor.swift */,
			);
			path = NoteDetails;
			sourceTree = "<group>";
		};
/* End PBXGroup section */

/* Begin PBXNativeTarget section */
		EBECDE522A85EE4C00C71549 /* CleanNotesApp */ = {
			isa = PBXNativeTarget;
			buildConfigurationList = EBECDE672A85EE4C00C71549 /* Build configuration list for PBXNativeTarget "CleanNotesApp" */;
			buildPhases = (
				EBECDE4F2A85EE4C00C71549 /* Sources */,
				EBECDE502A85EE4C00C71549 /* Frameworks */,
				EBECDE512A85EE4C00C71549 /* Resources */,
			);
			buildRules = (
			);
			dependencies = (
			);
			name = CleanNotesApp;
			productName = CleanNotesApp;
			productReference = EBECDE532A85EE4C00C71549 /* CleanNotesApp.app */;
			productType = "com.apple.product-type.application";
		};
/* End PBXNativeTarget section */

/* Begin PBXProject section */
		EBECDE4B2A85EE4B00C71549 /* Project object */ = {
			isa = PBXProject;
			attributes = {
				BuildIndependentTargetsInParallel = 1;
				LastSwiftUpdateCheck = 1410;
				LastUpgradeCheck = 1410;
				TargetAttributes = {
					EBECDE522A85EE4C00C71549 = {
						CreatedOnToolsVersion = 14.1;
					};
				};
			};
			buildConfigurationList = EBECDE4E2A85EE4B00C71549 /* Build configuration list for PBXProject "CleanNotesApp" */;
			compatibilityVersion = "Xcode 14.0";
			developmentRegion = en;
			hasScannedForEncodings = 0;
			knownRegions = (
				en,
				Base,
			);
			mainGroup = EBECDE4A2A85EE4B00C71549;
			productRefGroup = EBECDE542A85EE4C00C71549 /* Products */;
			projectDirPath = "";
			projectRoot = "";
			targets = (
				EBECDE522A85EE4C00C71549 /* CleanNotesApp */,
			);
		};
/* End PBXProject section */

/* Begin PBXResourcesBuildPhase section */
		EBECDE512A85EE4C00C71549 /* Resources */ = {
			isa = PBXResourcesBuildPhase;
			buildActionMask = 2147483647;
			files = (
				EBECDE632A85EE4C00C71549 /* LaunchScreen.storyboard in Resources */,
				EBECDE602A85EE4C00C71549 /* Assets.xcassets in Resources */,
				EBECDE5E2A85EE4C00C71549 /* Main.storyboard in Resources */,
				EBDFCC322A86462000BA901C /* NoteCell.xib in Resources */,
			);
			runOnlyForDeploymentPostprocessing = 0;
		};
/* End PBXResourcesBuildPhase section */

/* Begin PBXSourcesBuildPhase section */
		EBECDE4F2A85EE4C00C71549 /* Sources */ = {
			isa = PBXSourcesBuildPhase;
			buildActionMask = 2147483647;
			files = (
				EBECDE7F2A85F24F00C71549 /* NotesPresenter.swift in Sources */,
				EBECDE572A85EE4C00C71549 /* AppDelegate.swift in Sources */,
				EBECDE752A85F22D00C71549 /* NoteDetailsRouter.swift in Sources */,
				EBECDE812A85F24F00C71549 /* NotesRouter.swift in Sources */,
				EBDFCC342A864C5800BA901C /* NoteModel.swift in Sources */,
				EBECDE822A85F24F00C71549 /* NotesModels.swift in Sources */,
				EBECDE592A85EE4C00C71549 /* SceneDelegate.swift in Sources */,
				EB25AEA32A88F4C4006CE7A1 /* DataAdapter.swift in Sources */,
				EBECDE762A85F22D00C71549 /* NoteDetailsModels.swift in Sources */,
				EBECDE832A85F24F00C71549 /* NotesViewController.swift in Sources */,
				EBECDE782A85F22D00C71549 /* NoteDetailsInteractor.swift in Sources */,
				EBECDE772A85F22D00C71549 /* NoteDetailsViewController.swift in Sources */,
				EBDFCC312A86462000BA901C /* NoteCell.swift in Sources */,
				EBECDE842A85F24F00C71549 /* NotesInteractor.swift in Sources */,
				EBECDE732A85F22D00C71549 /* NoteDetailsPresenter.swift in Sources */,
				EBE85AD22A8787E800751330 /* NotesStorageService.swift in Sources */,
			);
			runOnlyForDeploymentPostprocessing = 0;
		};
/* End PBXSourcesBuildPhase section */

/* Begin PBXVariantGroup section */
		EBECDE5C2A85EE4C00C71549 /* Main.storyboard */ = {
			isa = PBXVariantGroup;
			children = (
				EBECDE5D2A85EE4C00C71549 /* Base */,
			);
			name = Main.storyboard;
			sourceTree = "<group>";
		};
		EBECDE612A85EE4C00C71549 /* LaunchScreen.storyboard */ = {
			isa = PBXVariantGroup;
			children = (
				EBECDE622A85EE4C00C71549 /* Base */,
			);
			name = LaunchScreen.storyboard;
			sourceTree = "<group>";
		};
/* End PBXVariantGroup section */

/* Begin XCBuildConfiguration section */
		EBECDE652A85EE4C00C71549 /* Debug */ = {
			isa = XCBuildConfiguration;
			buildSettings = {
				ALWAYS_SEARCH_USER_PATHS = NO;
				CLANG_ANALYZER_NONNULL = YES;
				CLANG_ANALYZER_NUMBER_OBJECT_CONVERSION = YES_AGGRESSIVE;
				CLANG_CXX_LANGUAGE_STANDARD = "gnu++20";
				CLANG_ENABLE_MODULES = YES;
				CLANG_ENABLE_OBJC_ARC = YES;
				CLANG_ENABLE_OBJC_WEAK = YES;
				CLANG_WARN_BLOCK_CAPTURE_AUTORELEASING = YES;
				CLANG_WARN_BOOL_CONVERSION = YES;
				CLANG_WARN_COMMA = YES;
				CLANG_WARN_CONSTANT_CONVERSION = YES;
				CLANG_WARN_DEPRECATED_OBJC_IMPLEMENTATIONS = YES;
				CLANG_WARN_DIRECT_OBJC_ISA_USAGE = YES_ERROR;
				CLANG_WARN_DOCUMENTATION_COMMENTS = YES;
				CLANG_WARN_EMPTY_BODY = YES;
				CLANG_WARN_ENUM_CONVERSION = YES;
				CLANG_WARN_INFINITE_RECURSION = YES;
				CLANG_WARN_INT_CONVERSION = YES;
				CLANG_WARN_NON_LITERAL_NULL_CONVERSION = YES;
				CLANG_WARN_OBJC_IMPLICIT_RETAIN_SELF = YES;
				CLANG_WARN_OBJC_LITERAL_CONVERSION = YES;
				CLANG_WARN_OBJC_ROOT_CLASS = YES_ERROR;
				CLANG_WARN_QUOTED_INCLUDE_IN_FRAMEWORK_HEADER = YES;
				CLANG_WARN_RANGE_LOOP_ANALYSIS = YES;
				CLANG_WARN_STRICT_PROTOTYPES = YES;
				CLANG_WARN_SUSPICIOUS_MOVE = YES;
				CLANG_WARN_UNGUARDED_AVAILABILITY = YES_AGGRESSIVE;
				CLANG_WARN_UNREACHABLE_CODE = YES;
				CLANG_WARN__DUPLICATE_METHOD_MATCH = YES;
				COPY_PHASE_STRIP = NO;
				DEBUG_INFORMATION_FORMAT = dwarf;
				ENABLE_STRICT_OBJC_MSGSEND = YES;
				ENABLE_TESTABILITY = YES;
				GCC_C_LANGUAGE_STANDARD = gnu11;
				GCC_DYNAMIC_NO_PIC = NO;
				GCC_NO_COMMON_BLOCKS = YES;
				GCC_OPTIMIZATION_LEVEL = 0;
				GCC_PREPROCESSOR_DEFINITIONS = (
					"DEBUG=1",
					"$(inherited)",
				);
				GCC_WARN_64_TO_32_BIT_CONVERSION = YES;
				GCC_WARN_ABOUT_RETURN_TYPE = YES_ERROR;
				GCC_WARN_UNDECLARED_SELECTOR = YES;
				GCC_WARN_UNINITIALIZED_AUTOS = YES_AGGRESSIVE;
				GCC_WARN_UNUSED_FUNCTION = YES;
				GCC_WARN_UNUSED_VARIABLE = YES;
				IPHONEOS_DEPLOYMENT_TARGET = 16.1;
				MTL_ENABLE_DEBUG_INFO = INCLUDE_SOURCE;
				MTL_FAST_MATH = YES;
				ONLY_ACTIVE_ARCH = YES;
				SDKROOT = iphoneos;
				SWIFT_ACTIVE_COMPILATION_CONDITIONS = DEBUG;
				SWIFT_OPTIMIZATION_LEVEL = "-Onone";
			};
			name = Debug;
		};
		EBECDE662A85EE4C00C71549 /* Release */ = {
			isa = XCBuildConfiguration;
			buildSettings = {
				ALWAYS_SEARCH_USER_PATHS = NO;
				CLANG_ANALYZER_NONNULL = YES;
				CLANG_ANALYZER_NUMBER_OBJECT_CONVERSION = YES_AGGRESSIVE;
				CLANG_CXX_LANGUAGE_STANDARD = "gnu++20";
				CLANG_ENABLE_MODULES = YES;
				CLANG_ENABLE_OBJC_ARC = YES;
				CLANG_ENABLE_OBJC_WEAK = YES;
				CLANG_WARN_BLOCK_CAPTURE_AUTORELEASING = YES;
				CLANG_WARN_BOOL_CONVERSION = YES;
				CLANG_WARN_COMMA = YES;
				CLANG_WARN_CONSTANT_CONVERSION = YES;
				CLANG_WARN_DEPRECATED_OBJC_IMPLEMENTATIONS = YES;
				CLANG_WARN_DIRECT_OBJC_ISA_USAGE = YES_ERROR;
				CLANG_WARN_DOCUMENTATION_COMMENTS = YES;
				CLANG_WARN_EMPTY_BODY = YES;
				CLANG_WARN_ENUM_CONVERSION = YES;
				CLANG_WARN_INFINITE_RECURSION = YES;
				CLANG_WARN_INT_CONVERSION = YES;
				CLANG_WARN_NON_LITERAL_NULL_CONVERSION = YES;
				CLANG_WARN_OBJC_IMPLICIT_RETAIN_SELF = YES;
				CLANG_WARN_OBJC_LITERAL_CONVERSION = YES;
				CLANG_WARN_OBJC_ROOT_CLASS = YES_ERROR;
				CLANG_WARN_QUOTED_INCLUDE_IN_FRAMEWORK_HEADER = YES;
				CLANG_WARN_RANGE_LOOP_ANALYSIS = YES;
				CLANG_WARN_STRICT_PROTOTYPES = YES;
				CLANG_WARN_SUSPICIOUS_MOVE = YES;
				CLANG_WARN_UNGUARDED_AVAILABILITY = YES_AGGRESSIVE;
				CLANG_WARN_UNREACHABLE_CODE = YES;
				CLANG_WARN__DUPLICATE_METHOD_MATCH = YES;
				COPY_PHASE_STRIP = NO;
				DEBUG_INFORMATION_FORMAT = "dwarf-with-dsym";
				ENABLE_NS_ASSERTIONS = NO;
				ENABLE_STRICT_OBJC_MSGSEND = YES;
				GCC_C_LANGUAGE_STANDARD = gnu11;
				GCC_NO_COMMON_BLOCKS = YES;
				GCC_WARN_64_TO_32_BIT_CONVERSION = YES;
				GCC_WARN_ABOUT_RETURN_TYPE = YES_ERROR;
				GCC_WARN_UNDECLARED_SELECTOR = YES;
				GCC_WARN_UNINITIALIZED_AUTOS = YES_AGGRESSIVE;
				GCC_WARN_UNUSED_FUNCTION = YES;
				GCC_WARN_UNUSED_VARIABLE = YES;
				IPHONEOS_DEPLOYMENT_TARGET = 16.1;
				MTL_ENABLE_DEBUG_INFO = NO;
				MTL_FAST_MATH = YES;
				SDKROOT = iphoneos;
				SWIFT_COMPILATION_MODE = wholemodule;
				SWIFT_OPTIMIZATION_LEVEL = "-O";
				VALIDATE_PRODUCT = YES;
			};
			name = Release;
		};
		EBECDE682A85EE4C00C71549 /* Debug */ = {
			isa = XCBuildConfiguration;
			buildSettings = {
				ASSETCATALOG_COMPILER_APPICON_NAME = AppIcon;
				ASSETCATALOG_COMPILER_GLOBAL_ACCENT_COLOR_NAME = AccentColor;
				CODE_SIGN_STYLE = Automatic;
				CURRENT_PROJECT_VERSION = 1;
				DEVELOPMENT_TEAM = SKC6L8KZ5R;
				GENERATE_INFOPLIST_FILE = YES;
				INFOPLIST_FILE = CleanNotesApp/Info.plist;
				INFOPLIST_KEY_UIApplicationSupportsIndirectInputEvents = YES;
				INFOPLIST_KEY_UILaunchStoryboardName = LaunchScreen;
				INFOPLIST_KEY_UIMainStoryboardFile = Main;
				INFOPLIST_KEY_UISupportedInterfaceOrientations_iPad = "UIInterfaceOrientationPortrait UIInterfaceOrientationPortraitUpsideDown UIInterfaceOrientationLandscapeLeft UIInterfaceOrientationLandscapeRight";
				INFOPLIST_KEY_UISupportedInterfaceOrientations_iPhone = "UIInterfaceOrientationPortrait UIInterfaceOrientationLandscapeLeft UIInterfaceOrientationLandscapeRight";
				LD_RUNPATH_SEARCH_PATHS = (
					"$(inherited)",
					"@executable_path/Frameworks",
				);
				MARKETING_VERSION = 1.0;
				PRODUCT_BUNDLE_IDENTIFIER = AnVertikova.CleanNotesApp;
				PRODUCT_NAME = "$(TARGET_NAME)";
				SUPPORTED_PLATFORMS = "iphoneos iphonesimulator";
				SUPPORTS_MACCATALYST = NO;
				SUPPORTS_MAC_DESIGNED_FOR_IPHONE_IPAD = NO;
				SWIFT_EMIT_LOC_STRINGS = YES;
				SWIFT_VERSION = 5.0;
				TARGETED_DEVICE_FAMILY = 1;
			};
			name = Debug;
		};
		EBECDE692A85EE4C00C71549 /* Release */ = {
			isa = XCBuildConfiguration;
			buildSettings = {
				ASSETCATALOG_COMPILER_APPICON_NAME = AppIcon;
				ASSETCATALOG_COMPILER_GLOBAL_ACCENT_COLOR_NAME = AccentColor;
				CODE_SIGN_STYLE = Automatic;
				CURRENT_PROJECT_VERSION = 1;
				DEVELOPMENT_TEAM = SKC6L8KZ5R;
				GENERATE_INFOPLIST_FILE = YES;
				INFOPLIST_FILE = CleanNotesApp/Info.plist;
				INFOPLIST_KEY_UIApplicationSupportsIndirectInputEvents = YES;
				INFOPLIST_KEY_UILaunchStoryboardName = LaunchScreen;
				INFOPLIST_KEY_UIMainStoryboardFile = Main;
				INFOPLIST_KEY_UISupportedInterfaceOrientations_iPad = "UIInterfaceOrientationPortrait UIInterfaceOrientationPortraitUpsideDown UIInterfaceOrientationLandscapeLeft UIInterfaceOrientationLandscapeRight";
				INFOPLIST_KEY_UISupportedInterfaceOrientations_iPhone = "UIInterfaceOrientationPortrait UIInterfaceOrientationLandscapeLeft UIInterfaceOrientationLandscapeRight";
				LD_RUNPATH_SEARCH_PATHS = (
					"$(inherited)",
					"@executable_path/Frameworks",
				);
				MARKETING_VERSION = 1.0;
				PRODUCT_BUNDLE_IDENTIFIER = AnVertikova.CleanNotesApp;
				PRODUCT_NAME = "$(TARGET_NAME)";
				SUPPORTED_PLATFORMS = "iphoneos iphonesimulator";
				SUPPORTS_MACCATALYST = NO;
				SUPPORTS_MAC_DESIGNED_FOR_IPHONE_IPAD = NO;
				SWIFT_EMIT_LOC_STRINGS = YES;
				SWIFT_VERSION = 5.0;
				TARGETED_DEVICE_FAMILY = 1;
			};
			name = Release;
		};
/* End XCBuildConfiguration section */

/* Begin XCConfigurationList section */
		EBECDE4E2A85EE4B00C71549 /* Build configuration list for PBXProject "CleanNotesApp" */ = {
			isa = XCConfigurationList;
			buildConfigurations = (
				EBECDE652A85EE4C00C71549 /* Debug */,
				EBECDE662A85EE4C00C71549 /* Release */,
			);
			defaultConfigurationIsVisible = 0;
			defaultConfigurationName = Release;
		};
		EBECDE672A85EE4C00C71549 /* Build configuration list for PBXNativeTarget "CleanNotesApp" */ = {
			isa = XCConfigurationList;
			buildConfigurations = (
				EBECDE682A85EE4C00C71549 /* Debug */,
				EBECDE692A85EE4C00C71549 /* Release */,
			);
			defaultConfigurationIsVisible = 0;
			defaultConfigurationName = Release;
		};
/* End XCConfigurationList section */
	};
	rootObject = EBECDE4B2A85EE4B00C71549 /* Project object */;
}
